// !$*UTF8*$!
{
	archiveVersion = 1;
	classes = {
	};
	objectVersion = 77;
	objects = {

/* Begin PBXBuildFile section */
		AA7E6E4E2D85E578009587E6 /* README.md in Resources */ = {isa = PBXBuildFile; fileRef = AA7E6E4D2D85E578009587E6 /* README.md */; };
		AADF4B682D845E14004CDE93 /* Ingredient.swift in Sources */ = {isa = PBXBuildFile; fileRef = AADF4B5C2D845E14004CDE93 /* Ingredient.swift */; };
		AADF4B692D845E14004CDE93 /* MenuItemsView.swift in Sources */ = {isa = PBXBuildFile; fileRef = AADF4B642D845E14004CDE93 /* MenuItemsView.swift */; };
		AADF4B6A2D845E14004CDE93 /* MenuCategory.swift in Sources */ = {isa = PBXBuildFile; fileRef = AADF4B5E2D845E14004CDE93 /* MenuCategory.swift */; };
		AADF4B6B2D845E14004CDE93 /* MenuItem.swift in Sources */ = {isa = PBXBuildFile; fileRef = AADF4B5F2D845E14004CDE93 /* MenuItem.swift */; };
		AADF4B6C2D845E14004CDE93 /* MenuViewViewModel.swift in Sources */ = {isa = PBXBuildFile; fileRef = AADF4B652D845E14004CDE93 /* MenuViewViewModel.swift */; };
		AADF4B6D2D845E14004CDE93 /* LittleLemonCourseraApp.swift in Sources */ = {isa = PBXBuildFile; fileRef = AADF4B5D2D845E14004CDE93 /* LittleLemonCourseraApp.swift */; };
		AADF4B6E2D845E14004CDE93 /* MenuItemsOptionView.swift in Sources */ = {isa = PBXBuildFile; fileRef = AADF4B632D845E14004CDE93 /* MenuItemsOptionView.swift */; };
		AADF4B6F2D845E14004CDE93 /* MenuItemDetailsView.swift in Sources */ = {isa = PBXBuildFile; fileRef = AADF4B612D845E14004CDE93 /* MenuItemDetailsView.swift */; };
		AADF4B702D845E14004CDE93 /* MenuItemDataSource.swift in Sources */ = {isa = PBXBuildFile; fileRef = AADF4B602D845E14004CDE93 /* MenuItemDataSource.swift */; };
		AADF4B712D845E14004CDE93 /* MenuItemProtocol.swift in Sources */ = {isa = PBXBuildFile; fileRef = AADF4B622D845E14004CDE93 /* MenuItemProtocol.swift */; };
		AADF4B722D845E14004CDE93 /* Assets.xcassets in Resources */ = {isa = PBXBuildFile; fileRef = AADF4B5A2D845E14004CDE93 /* Assets.xcassets */; };
		AADF4B732D845E14004CDE93 /* Preview Assets.xcassets in Resources */ = {isa = PBXBuildFile; fileRef = AADF4B582D845E14004CDE93 /* Preview Assets.xcassets */; };
		AADF4B782D8466A6004CDE93 /* MenuItemDataSourceMock.swift in Sources */ = {isa = PBXBuildFile; fileRef = AADF4B772D8466A6004CDE93 /* MenuItemDataSourceMock.swift */; };
		AADF4B7B2D8468B6004CDE93 /* SortMenuItemOption.swift in Sources */ = {isa = PBXBuildFile; fileRef = AADF4B7A2D8468B6004CDE93 /* SortMenuItemOption.swift */; };
		AADF4B832D846980004CDE93 /* FilterOption.swift in Sources */ = {isa = PBXBuildFile; fileRef = AADF4B822D846980004CDE93 /* FilterOption.swift */; };
		AADF4B852D846981004CDE93 /* FilterConfig.swift in Sources */ = {isa = PBXBuildFile; fileRef = AADF4B842D846981004CDE93 /* FilterConfig.swift */; };
/* End PBXBuildFile section */

/* Begin PBXContainerItemProxy section */
		AAD3D67E2D80FF210065A1A8 /* PBXContainerItemProxy */ = {
			isa = PBXContainerItemProxy;
			containerPortal = AAD3D6652D80FF1E0065A1A8 /* Project object */;
			proxyType = 1;
			remoteGlobalIDString = AAD3D66C2D80FF1E0065A1A8;
			remoteInfo = LittleLemonCoursera;
		};
		AAD3D6882D80FF220065A1A8 /* PBXContainerItemProxy */ = {
			isa = PBXContainerItemProxy;
			containerPortal = AAD3D6652D80FF1E0065A1A8 /* Project object */;
			proxyType = 1;
			remoteGlobalIDString = AAD3D66C2D80FF1E0065A1A8;
			remoteInfo = LittleLemonCoursera;
		};
/* End PBXContainerItemProxy section */

/* Begin PBXFileReference section */
		AA7E6E4D2D85E578009587E6 /* README.md */ = {isa = PBXFileReference; lastKnownFileType = net.daringfireball.markdown; path = README.md; sourceTree = "<group>"; };
		AAD3D66D2D80FF1E0065A1A8 /* LittleLemonCoursera.app */ = {isa = PBXFileReference; explicitFileType = wrapper.application; includeInIndex = 0; path = LittleLemonCoursera.app; sourceTree = BUILT_PRODUCTS_DIR; };
		AAD3D67D2D80FF210065A1A8 /* LittleLemonCourseraTests.xctest */ = {isa = PBXFileReference; explicitFileType = wrapper.cfbundle; includeInIndex = 0; path = LittleLemonCourseraTests.xctest; sourceTree = BUILT_PRODUCTS_DIR; };
		AAD3D6872D80FF220065A1A8 /* LittleLemonCourseraUITests.xctest */ = {isa = PBXFileReference; explicitFileType = wrapper.cfbundle; includeInIndex = 0; path = LittleLemonCourseraUITests.xctest; sourceTree = BUILT_PRODUCTS_DIR; };
		AADF4B582D845E14004CDE93 /* Preview Assets.xcassets */ = {isa = PBXFileReference; lastKnownFileType = folder.assetcatalog; path = "Preview Assets.xcassets"; sourceTree = "<group>"; };
		AADF4B5A2D845E14004CDE93 /* Assets.xcassets */ = {isa = PBXFileReference; lastKnownFileType = folder.assetcatalog; path = Assets.xcassets; sourceTree = "<group>"; };
		AADF4B5C2D845E14004CDE93 /* Ingredient.swift */ = {isa = PBXFileReference; lastKnownFileType = sourcecode.swift; path = Ingredient.swift; sourceTree = "<group>"; };
		AADF4B5D2D845E14004CDE93 /* LittleLemonCourseraApp.swift */ = {isa = PBXFileReference; lastKnownFileType = sourcecode.swift; path = LittleLemonCourseraApp.swift; sourceTree = "<group>"; };
		AADF4B5E2D845E14004CDE93 /* MenuCategory.swift */ = {isa = PBXFileReference; lastKnownFileType = sourcecode.swift; path = MenuCategory.swift; sourceTree = "<group>"; };
		AADF4B5F2D845E14004CDE93 /* MenuItem.swift */ = {isa = PBXFileReference; lastKnownFileType = sourcecode.swift; path = MenuItem.swift; sourceTree = "<group>"; };
		AADF4B602D845E14004CDE93 /* MenuItemDataSource.swift */ = {isa = PBXFileReference; lastKnownFileType = sourcecode.swift; path = MenuItemDataSource.swift; sourceTree = "<group>"; };
		AADF4B612D845E14004CDE93 /* MenuItemDetailsView.swift */ = {isa = PBXFileReference; lastKnownFileType = sourcecode.swift; path = MenuItemDetailsView.swift; sourceTree = "<group>"; };
		AADF4B622D845E14004CDE93 /* MenuItemProtocol.swift */ = {isa = PBXFileReference; lastKnownFileType = sourcecode.swift; path = MenuItemProtocol.swift; sourceTree = "<group>"; };
		AADF4B632D845E14004CDE93 /* MenuItemsOptionView.swift */ = {isa = PBXFileReference; lastKnownFileType = sourcecode.swift; path = MenuItemsOptionView.swift; sourceTree = "<group>"; };
		AADF4B642D845E14004CDE93 /* MenuItemsView.swift */ = {isa = PBXFileReference; lastKnownFileType = sourcecode.swift; path = MenuItemsView.swift; sourceTree = "<group>"; };
		AADF4B652D845E14004CDE93 /* MenuViewViewModel.swift */ = {isa = PBXFileReference; lastKnownFileType = sourcecode.swift; path = MenuViewViewModel.swift; sourceTree = "<group>"; };
		AADF4B772D8466A6004CDE93 /* MenuItemDataSourceMock.swift */ = {isa = PBXFileReference; lastKnownFileType = sourcecode.swift; path = MenuItemDataSourceMock.swift; sourceTree = "<group>"; };
		AADF4B7A2D8468B6004CDE93 /* SortMenuItemOption.swift */ = {isa = PBXFileReference; lastKnownFileType = sourcecode.swift; path = SortMenuItemOption.swift; sourceTree = "<group>"; };
		AADF4B822D846980004CDE93 /* FilterOption.swift */ = {isa = PBXFileReference; lastKnownFileType = sourcecode.swift; path = FilterOption.swift; sourceTree = "<group>"; };
		AADF4B842D846981004CDE93 /* FilterConfig.swift */ = {isa = PBXFileReference; lastKnownFileType = sourcecode.swift; path = FilterConfig.swift; sourceTree = "<group>"; };
/* End PBXFileReference section */

/* Begin PBXFileSystemSynchronizedRootGroup section */
		AAD3D6802D80FF220065A1A8 /* LittleLemonCourseraTests */ = {
			isa = PBXFileSystemSynchronizedRootGroup;
			path = LittleLemonCourseraTests;
			sourceTree = "<group>";
		};
		AAD3D68A2D80FF220065A1A8 /* LittleLemonCourseraUITests */ = {
			isa = PBXFileSystemSynchronizedRootGroup;
			path = LittleLemonCourseraUITests;
			sourceTree = "<group>";
		};
/* End PBXFileSystemSynchronizedRootGroup section */

/* Begin PBXFrameworksBuildPhase section */
		AAD3D66A2D80FF1E0065A1A8 /* Frameworks */ = {
			isa = PBXFrameworksBuildPhase;
			buildActionMask = 2147483647;
			files = (
			);
			runOnlyForDeploymentPostprocessing = 0;
		};
		AAD3D67A2D80FF210065A1A8 /* Frameworks */ = {
			isa = PBXFrameworksBuildPhase;
			buildActionMask = 2147483647;
			files = (
			);
			runOnlyForDeploymentPostprocessing = 0;
		};
		AAD3D6842D80FF220065A1A8 /* Frameworks */ = {
			isa = PBXFrameworksBuildPhase;
			buildActionMask = 2147483647;
			files = (
			);
			runOnlyForDeploymentPostprocessing = 0;
		};
/* End PBXFrameworksBuildPhase section */

/* Begin PBXGroup section */
		AAD3D6642D80FF1E0065A1A8 = {
			isa = PBXGroup;
			children = (
				AA7E6E4D2D85E578009587E6 /* README.md */,
				AADF4B662D845E14004CDE93 /* LittleLemonCoursera */,
				AAD3D6802D80FF220065A1A8 /* LittleLemonCourseraTests */,
				AAD3D68A2D80FF220065A1A8 /* LittleLemonCourseraUITests */,
				AAD3D66E2D80FF1E0065A1A8 /* Products */,
			);
			sourceTree = "<group>";
		};
		AAD3D66E2D80FF1E0065A1A8 /* Products */ = {
			isa = PBXGroup;
			children = (
				AAD3D66D2D80FF1E0065A1A8 /* LittleLemonCoursera.app */,
				AAD3D67D2D80FF210065A1A8 /* LittleLemonCourseraTests.xctest */,
				AAD3D6872D80FF220065A1A8 /* LittleLemonCourseraUITests.xctest */,
			);
			name = Products;
			sourceTree = "<group>";
		};
		AADF4B592D845E14004CDE93 /* Preview Content */ = {
			isa = PBXGroup;
			children = (
				AADF4B582D845E14004CDE93 /* Preview Assets.xcassets */,
			);
			path = "Preview Content";
			sourceTree = "<group>";
		};
		AADF4B662D845E14004CDE93 /* LittleLemonCoursera */ = {
			isa = PBXGroup;
			children = (
				AADF4B792D8466F5004CDE93 /* ViewModel */,
				AADF4B762D846691004CDE93 /* Data */,
				AADF4B752D845F0D004CDE93 /* View */,
				AADF4B742D845F02004CDE93 /* Model */,
				AADF4B592D845E14004CDE93 /* Preview Content */,
				AADF4B5A2D845E14004CDE93 /* Assets.xcassets */,
				AADF4B5D2D845E14004CDE93 /* LittleLemonCourseraApp.swift */,
			);
			path = LittleLemonCoursera;
			sourceTree = "<group>";
		};
		AADF4B742D845F02004CDE93 /* Model */ = {
			isa = PBXGroup;
			children = (
				AADF4B842D846981004CDE93 /* FilterConfig.swift */,
				AADF4B822D846980004CDE93 /* FilterOption.swift */,
				AADF4B7A2D8468B6004CDE93 /* SortMenuItemOption.swift */,
				AADF4B5E2D845E14004CDE93 /* MenuCategory.swift */,
				AADF4B5F2D845E14004CDE93 /* MenuItem.swift */,
				AADF4B5C2D845E14004CDE93 /* Ingredient.swift */,
				AADF4B622D845E14004CDE93 /* MenuItemProtocol.swift */,
			);
			path = Model;
			sourceTree = "<group>";
		};
		AADF4B752D845F0D004CDE93 /* View */ = {
			isa = PBXGroup;
			children = (
				AADF4B612D845E14004CDE93 /* MenuItemDetailsView.swift */,
				AADF4B632D845E14004CDE93 /* MenuItemsOptionView.swift */,
				AADF4B642D845E14004CDE93 /* MenuItemsView.swift */,
			);
			path = View;
			sourceTree = "<group>";
		};
		AADF4B762D846691004CDE93 /* Data */ = {
			isa = PBXGroup;
			children = (
				AADF4B772D8466A6004CDE93 /* MenuItemDataSourceMock.swift */,
				AADF4B602D845E14004CDE93 /* MenuItemDataSource.swift */,
			);
			path = Data;
			sourceTree = "<group>";
		};
		AADF4B792D8466F5004CDE93 /* ViewModel */ = {
			isa = PBXGroup;
			children = (
				AADF4B652D845E14004CDE93 /* MenuViewViewModel.swift */,
			);
			path = ViewModel;
			sourceTree = "<group>";
		};
/* End PBXGroup section */

/* Begin PBXNativeTarget section */
		AAD3D66C2D80FF1E0065A1A8 /* LittleLemonCoursera */ = {
			isa = PBXNativeTarget;
			buildConfigurationList = AAD3D6912D80FF220065A1A8 /* Build configuration list for PBXNativeTarget "LittleLemonCoursera" */;
			buildPhases = (
				AAD3D6692D80FF1E0065A1A8 /* Sources */,
				AAD3D66A2D80FF1E0065A1A8 /* Frameworks */,
				AAD3D66B2D80FF1E0065A1A8 /* Resources */,
			);
			buildRules = (
			);
			dependencies = (
			);
			name = LittleLemonCoursera;
			packageProductDependencies = (
			);
			productName = LittleLemonCoursera;
			productReference = AAD3D66D2D80FF1E0065A1A8 /* LittleLemonCoursera.app */;
			productType = "com.apple.product-type.application";
		};
		AAD3D67C2D80FF210065A1A8 /* LittleLemonCourseraTests */ = {
			isa = PBXNativeTarget;
			buildConfigurationList = AAD3D6942D80FF220065A1A8 /* Build configuration list for PBXNativeTarget "LittleLemonCourseraTests" */;
			buildPhases = (
				AAD3D6792D80FF210065A1A8 /* Sources */,
				AAD3D67A2D80FF210065A1A8 /* Frameworks */,
				AAD3D67B2D80FF210065A1A8 /* Resources */,
			);
			buildRules = (
			);
			dependencies = (
				AAD3D67F2D80FF210065A1A8 /* PBXTargetDependency */,
			);
			fileSystemSynchronizedGroups = (
				AAD3D6802D80FF220065A1A8 /* LittleLemonCourseraTests */,
			);
			name = LittleLemonCourseraTests;
			packageProductDependencies = (
			);
			productName = LittleLemonCourseraTests;
			productReference = AAD3D67D2D80FF210065A1A8 /* LittleLemonCourseraTests.xctest */;
			productType = "com.apple.product-type.bundle.unit-test";
		};
		AAD3D6862D80FF220065A1A8 /* LittleLemonCourseraUITests */ = {
			isa = PBXNativeTarget;
			buildConfigurationList = AAD3D6972D80FF220065A1A8 /* Build configuration list for PBXNativeTarget "LittleLemonCourseraUITests" */;
			buildPhases = (
				AAD3D6832D80FF220065A1A8 /* Sources */,
				AAD3D6842D80FF220065A1A8 /* Frameworks */,
				AAD3D6852D80FF220065A1A8 /* Resources */,
			);
			buildRules = (
			);
			dependencies = (
				AAD3D6892D80FF220065A1A8 /* PBXTargetDependency */,
			);
			fileSystemSynchronizedGroups = (
				AAD3D68A2D80FF220065A1A8 /* LittleLemonCourseraUITests */,
			);
			name = LittleLemonCourseraUITests;
			packageProductDependencies = (
			);
			productName = LittleLemonCourseraUITests;
			productReference = AAD3D6872D80FF220065A1A8 /* LittleLemonCourseraUITests.xctest */;
			productType = "com.apple.product-type.bundle.ui-testing";
		};
/* End PBXNativeTarget section */

/* Begin PBXProject section */
		AAD3D6652D80FF1E0065A1A8 /* Project object */ = {
			isa = PBXProject;
			attributes = {
				BuildIndependentTargetsInParallel = 1;
				LastSwiftUpdateCheck = 1610;
				LastUpgradeCheck = 1610;
				TargetAttributes = {
					AAD3D66C2D80FF1E0065A1A8 = {
						CreatedOnToolsVersion = 16.1;
					};
					AAD3D67C2D80FF210065A1A8 = {
						CreatedOnToolsVersion = 16.1;
						TestTargetID = AAD3D66C2D80FF1E0065A1A8;
					};
					AAD3D6862D80FF220065A1A8 = {
						CreatedOnToolsVersion = 16.1;
						TestTargetID = AAD3D66C2D80FF1E0065A1A8;
					};
				};
			};
			buildConfigurationList = AAD3D6682D80FF1E0065A1A8 /* Build configuration list for PBXProject "LittleLemonCoursera" */;
			developmentRegion = en;
			hasScannedForEncodings = 0;
			knownRegions = (
				en,
				Base,
			);
			mainGroup = AAD3D6642D80FF1E0065A1A8;
			minimizedProjectReferenceProxies = 1;
			preferredProjectObjectVersion = 77;
			productRefGroup = AAD3D66E2D80FF1E0065A1A8 /* Products */;
			projectDirPath = "";
			projectRoot = "";
			targets = (
				AAD3D66C2D80FF1E0065A1A8 /* LittleLemonCoursera */,
				AAD3D67C2D80FF210065A1A8 /* LittleLemonCourseraTests */,
				AAD3D6862D80FF220065A1A8 /* LittleLemonCourseraUITests */,
			);
		};
/* End PBXProject section */

/* Begin PBXResourcesBuildPhase section */
		AAD3D66B2D80FF1E0065A1A8 /* Resources */ = {
			isa = PBXResourcesBuildPhase;
			buildActionMask = 2147483647;
			files = (
				AA7E6E4E2D85E578009587E6 /* README.md in Resources */,
				AADF4B722D845E14004CDE93 /* Assets.xcassets in Resources */,
				AADF4B732D845E14004CDE93 /* Preview Assets.xcassets in Resources */,
			);
			runOnlyForDeploymentPostprocessing = 0;
		};
		AAD3D67B2D80FF210065A1A8 /* Resources */ = {
			isa = PBXResourcesBuildPhase;
			buildActionMask = 2147483647;
			files = (
			);
			runOnlyForDeploymentPostprocessing = 0;
		};
		AAD3D6852D80FF220065A1A8 /* Resources */ = {
			isa = PBXResourcesBuildPhase;
			buildActionMask = 2147483647;
			files = (
			);
			runOnlyForDeploymentPostprocessing = 0;
		};
/* End PBXResourcesBuildPhase section */

/* Begin PBXSourcesBuildPhase section */
		AAD3D6692D80FF1E0065A1A8 /* Sources */ = {
			isa = PBXSourcesBuildPhase;
			buildActionMask = 2147483647;
			files = (
				AADF4B7B2D8468B6004CDE93 /* SortMenuItemOption.swift in Sources */,
				AADF4B682D845E14004CDE93 /* Ingredient.swift in Sources */,
				AADF4B692D845E14004CDE93 /* MenuItemsView.swift in Sources */,
				AADF4B6A2D845E14004CDE93 /* MenuCategory.swift in Sources */,
				AADF4B852D846981004CDE93 /* FilterConfig.swift in Sources */,
				AADF4B6B2D845E14004CDE93 /* MenuItem.swift in Sources */,
				AADF4B782D8466A6004CDE93 /* MenuItemDataSourceMock.swift in Sources */,
				AADF4B6C2D845E14004CDE93 /* MenuViewViewModel.swift in Sources */,
				AADF4B6D2D845E14004CDE93 /* LittleLemonCourseraApp.swift in Sources */,
				AADF4B6E2D845E14004CDE93 /* MenuItemsOptionView.swift in Sources */,
				AADF4B6F2D845E14004CDE93 /* MenuItemDetailsView.swift in Sources */,
				AADF4B702D845E14004CDE93 /* MenuItemDataSource.swift in Sources */,
				AADF4B712D845E14004CDE93 /* MenuItemProtocol.swift in Sources */,
				AADF4B832D846980004CDE93 /* FilterOption.swift in Sources */,
			);
			runOnlyForDeploymentPostprocessing = 0;
		};
		AAD3D6792D80FF210065A1A8 /* Sources */ = {
			isa = PBXSourcesBuildPhase;
			buildActionMask = 2147483647;
			files = (
			);
			runOnlyForDeploymentPostprocessing = 0;
		};
		AAD3D6832D80FF220065A1A8 /* Sources */ = {
			isa = PBXSourcesBuildPhase;
			buildActionMask = 2147483647;
			files = (
			);
			runOnlyForDeploymentPostprocessing = 0;
		};
/* End PBXSourcesBuildPhase section */

/* Begin PBXTargetDependency section */
		AAD3D67F2D80FF210065A1A8 /* PBXTargetDependency */ = {
			isa = PBXTargetDependency;
			target = AAD3D66C2D80FF1E0065A1A8 /* LittleLemonCoursera */;
			targetProxy = AAD3D67E2D80FF210065A1A8 /* PBXContainerItemProxy */;
		};
		AAD3D6892D80FF220065A1A8 /* PBXTargetDependency */ = {
			isa = PBXTargetDependency;
			target = AAD3D66C2D80FF1E0065A1A8 /* LittleLemonCoursera */;
			targetProxy = AAD3D6882D80FF220065A1A8 /* PBXContainerItemProxy */;
		};
/* End PBXTargetDependency section */

/* Begin XCBuildConfiguration section */
		AAD3D68F2D80FF220065A1A8 /* Debug */ = {
			isa = XCBuildConfiguration;
			buildSettings = {
				ALWAYS_SEARCH_USER_PATHS = NO;
				ASSETCATALOG_COMPILER_GENERATE_SWIFT_ASSET_SYMBOL_EXTENSIONS = YES;
				CLANG_ANALYZER_NONNULL = YES;
				CLANG_ANALYZER_NUMBER_OBJECT_CONVERSION = YES_AGGRESSIVE;
				CLANG_CXX_LANGUAGE_STANDARD = "gnu++20";
				CLANG_ENABLE_MODULES = YES;
				CLANG_ENABLE_OBJC_ARC = YES;
				CLANG_ENABLE_OBJC_WEAK = YES;
				CLANG_WARN_BLOCK_CAPTURE_AUTORELEASING = YES;
				CLANG_WARN_BOOL_CONVERSION = YES;
				CLANG_WARN_COMMA = YES;
				CLANG_WARN_CONSTANT_CONVERSION = YES;
				CLANG_WARN_DEPRECATED_OBJC_IMPLEMENTATIONS = YES;
				CLANG_WARN_DIRECT_OBJC_ISA_USAGE = YES_ERROR;
				CLANG_WARN_DOCUMENTATION_COMMENTS = YES;
				CLANG_WARN_EMPTY_BODY = YES;
				CLANG_WARN_ENUM_CONVERSION = YES;
				CLANG_WARN_INFINITE_RECURSION = YES;
				CLANG_WARN_INT_CONVERSION = YES;
				CLANG_WARN_NON_LITERAL_NULL_CONVERSION = YES;
				CLANG_WARN_OBJC_IMPLICIT_RETAIN_SELF = YES;
				CLANG_WARN_OBJC_LITERAL_CONVERSION = YES;
				CLANG_WARN_OBJC_ROOT_CLASS = YES_ERROR;
				CLANG_WARN_QUOTED_INCLUDE_IN_FRAMEWORK_HEADER = YES;
				CLANG_WARN_RANGE_LOOP_ANALYSIS = YES;
				CLANG_WARN_STRICT_PROTOTYPES = YES;
				CLANG_WARN_SUSPICIOUS_MOVE = YES;
				CLANG_WARN_UNGUARDED_AVAILABILITY = YES_AGGRESSIVE;
				CLANG_WARN_UNREACHABLE_CODE = YES;
				CLANG_WARN__DUPLICATE_METHOD_MATCH = YES;
				COPY_PHASE_STRIP = NO;
				DEBUG_INFORMATION_FORMAT = dwarf;
				ENABLE_STRICT_OBJC_MSGSEND = YES;
				ENABLE_TESTABILITY = YES;
				ENABLE_USER_SCRIPT_SANDBOXING = YES;
				GCC_C_LANGUAGE_STANDARD = gnu17;
				GCC_DYNAMIC_NO_PIC = NO;
				GCC_NO_COMMON_BLOCKS = YES;
				GCC_OPTIMIZATION_LEVEL = 0;
				GCC_PREPROCESSOR_DEFINITIONS = (
					"DEBUG=1",
					"$(inherited)",
				);
				GCC_WARN_64_TO_32_BIT_CONVERSION = YES;
				GCC_WARN_ABOUT_RETURN_TYPE = YES_ERROR;
				GCC_WARN_UNDECLARED_SELECTOR = YES;
				GCC_WARN_UNINITIALIZED_AUTOS = YES_AGGRESSIVE;
				GCC_WARN_UNUSED_FUNCTION = YES;
				GCC_WARN_UNUSED_VARIABLE = YES;
				IPHONEOS_DEPLOYMENT_TARGET = 18.1;
				LOCALIZATION_PREFERS_STRING_CATALOGS = YES;
				MTL_ENABLE_DEBUG_INFO = INCLUDE_SOURCE;
				MTL_FAST_MATH = YES;
				ONLY_ACTIVE_ARCH = YES;
				SDKROOT = iphoneos;
				SWIFT_ACTIVE_COMPILATION_CONDITIONS = "DEBUG $(inherited)";
				SWIFT_OPTIMIZATION_LEVEL = "-Onone";
			};
			name = Debug;
		};
		AAD3D6902D80FF220065A1A8 /* Release */ = {
			isa = XCBuildConfiguration;
			buildSettings = {
				ALWAYS_SEARCH_USER_PATHS = NO;
				ASSETCATALOG_COMPILER_GENERATE_SWIFT_ASSET_SYMBOL_EXTENSIONS = YES;
				CLANG_ANALYZER_NONNULL = YES;
				CLANG_ANALYZER_NUMBER_OBJECT_CONVERSION = YES_AGGRESSIVE;
				CLANG_CXX_LANGUAGE_STANDARD = "gnu++20";
				CLANG_ENABLE_MODULES = YES;
				CLANG_ENABLE_OBJC_ARC = YES;
				CLANG_ENABLE_OBJC_WEAK = YES;
				CLANG_WARN_BLOCK_CAPTURE_AUTORELEASING = YES;
				CLANG_WARN_BOOL_CONVERSION = YES;
				CLANG_WARN_COMMA = YES;
				CLANG_WARN_CONSTANT_CONVERSION = YES;
				CLANG_WARN_DEPRECATED_OBJC_IMPLEMENTATIONS = YES;
				CLANG_WARN_DIRECT_OBJC_ISA_USAGE = YES_ERROR;
				CLANG_WARN_DOCUMENTATION_COMMENTS = YES;
				CLANG_WARN_EMPTY_BODY = YES;
				CLANG_WARN_ENUM_CONVERSION = YES;
				CLANG_WARN_INFINITE_RECURSION = YES;
				CLANG_WARN_INT_CONVERSION = YES;
				CLANG_WARN_NON_LITERAL_NULL_CONVERSION = YES;
				CLANG_WARN_OBJC_IMPLICIT_RETAIN_SELF = YES;
				CLANG_WARN_OBJC_LITERAL_CONVERSION = YES;
				CLANG_WARN_OBJC_ROOT_CLASS = YES_ERROR;
				CLANG_WARN_QUOTED_INCLUDE_IN_FRAMEWORK_HEADER = YES;
				CLANG_WARN_RANGE_LOOP_ANALYSIS = YES;
				CLANG_WARN_STRICT_PROTOTYPES = YES;
				CLANG_WARN_SUSPICIOUS_MOVE = YES;
				CLANG_WARN_UNGUARDED_AVAILABILITY = YES_AGGRESSIVE;
				CLANG_WARN_UNREACHABLE_CODE = YES;
				CLANG_WARN__DUPLICATE_METHOD_MATCH = YES;
				COPY_PHASE_STRIP = NO;
				DEBUG_INFORMATION_FORMAT = "dwarf-with-dsym";
				ENABLE_NS_ASSERTIONS = NO;
				ENABLE_STRICT_OBJC_MSGSEND = YES;
				ENABLE_USER_SCRIPT_SANDBOXING = YES;
				GCC_C_LANGUAGE_STANDARD = gnu17;
				GCC_NO_COMMON_BLOCKS = YES;
				GCC_WARN_64_TO_32_BIT_CONVERSION = YES;
				GCC_WARN_ABOUT_RETURN_TYPE = YES_ERROR;
				GCC_WARN_UNDECLARED_SELECTOR = YES;
				GCC_WARN_UNINITIALIZED_AUTOS = YES_AGGRESSIVE;
				GCC_WARN_UNUSED_FUNCTION = YES;
				GCC_WARN_UNUSED_VARIABLE = YES;
				IPHONEOS_DEPLOYMENT_TARGET = 18.1;
				LOCALIZATION_PREFERS_STRING_CATALOGS = YES;
				MTL_ENABLE_DEBUG_INFO = NO;
				MTL_FAST_MATH = YES;
				SDKROOT = iphoneos;
				SWIFT_COMPILATION_MODE = wholemodule;
				VALIDATE_PRODUCT = YES;
			};
			name = Release;
		};
		AAD3D6922D80FF220065A1A8 /* Debug */ = {
			isa = XCBuildConfiguration;
			buildSettings = {
				ASSETCATALOG_COMPILER_APPICON_NAME = AppIcon;
				ASSETCATALOG_COMPILER_GLOBAL_ACCENT_COLOR_NAME = AccentColor;
				CODE_SIGN_STYLE = Automatic;
				CURRENT_PROJECT_VERSION = 1;
				DEVELOPMENT_ASSET_PATHS = "\"LittleLemonCoursera/Preview Content\"";
				ENABLE_PREVIEWS = YES;
				GENERATE_INFOPLIST_FILE = YES;
				INFOPLIST_KEY_UIApplicationSceneManifest_Generation = YES;
				INFOPLIST_KEY_UIApplicationSupportsIndirectInputEvents = YES;
				INFOPLIST_KEY_UILaunchScreen_Generation = YES;
				INFOPLIST_KEY_UISupportedInterfaceOrientations_iPad = "UIInterfaceOrientationPortrait UIInterfaceOrientationPortraitUpsideDown UIInterfaceOrientationLandscapeLeft UIInterfaceOrientationLandscapeRight";
				INFOPLIST_KEY_UISupportedInterfaceOrientations_iPhone = "UIInterfaceOrientationPortrait UIInterfaceOrientationLandscapeLeft UIInterfaceOrientationLandscapeRight";
				IPHONEOS_DEPLOYMENT_TARGET = 18.0;
				LD_RUNPATH_SEARCH_PATHS = (
					"$(inherited)",
					"@executable_path/Frameworks",
				);
				MARKETING_VERSION = 1.0;
				PRODUCT_BUNDLE_IDENTIFIER = com.github.pedroluis02.LittleLemonCoursera;
				PRODUCT_NAME = "$(TARGET_NAME)";
				SWIFT_EMIT_LOC_STRINGS = YES;
				SWIFT_VERSION = 5.0;
				TARGETED_DEVICE_FAMILY = "1,2";
			};
			name = Debug;
		};
		AAD3D6932D80FF220065A1A8 /* Release */ = {
			isa = XCBuildConfiguration;
			buildSettings = {
				ASSETCATALOG_COMPILER_APPICON_NAME = AppIcon;
				ASSETCATALOG_COMPILER_GLOBAL_ACCENT_COLOR_NAME = AccentColor;
				CODE_SIGN_STYLE = Automatic;
				CURRENT_PROJECT_VERSION = 1;
				DEVELOPMENT_ASSET_PATHS = "\"LittleLemonCoursera/Preview Content\"";
				ENABLE_PREVIEWS = YES;
				GENERATE_INFOPLIST_FILE = YES;
				INFOPLIST_KEY_UIApplicationSceneManifest_Generation = YES;
				INFOPLIST_KEY_UIApplicationSupportsIndirectInputEvents = YES;
				INFOPLIST_KEY_UILaunchScreen_Generation = YES;
				INFOPLIST_KEY_UISupportedInterfaceOrientations_iPad = "UIInterfaceOrientationPortrait UIInterfaceOrientationPortraitUpsideDown UIInterfaceOrientationLandscapeLeft UIInterfaceOrientationLandscapeRight";
				INFOPLIST_KEY_UISupportedInterfaceOrientations_iPhone = "UIInterfaceOrientationPortrait UIInterfaceOrientationLandscapeLeft UIInterfaceOrientationLandscapeRight";
				IPHONEOS_DEPLOYMENT_TARGET = 18.0;
				LD_RUNPATH_SEARCH_PATHS = (
					"$(inherited)",
					"@executable_path/Frameworks",
				);
				MARKETING_VERSION = 1.0;
				PRODUCT_BUNDLE_IDENTIFIER = com.github.pedroluis02.LittleLemonCoursera;
				PRODUCT_NAME = "$(TARGET_NAME)";
				SWIFT_EMIT_LOC_STRINGS = YES;
				SWIFT_VERSION = 5.0;
				TARGETED_DEVICE_FAMILY = "1,2";
			};
			name = Release;
		};
		AAD3D6952D80FF220065A1A8 /* Debug */ = {
			isa = XCBuildConfiguration;
			buildSettings = {
				BUNDLE_LOADER = "$(TEST_HOST)";
				CODE_SIGN_STYLE = Automatic;
				CURRENT_PROJECT_VERSION = 1;
				GENERATE_INFOPLIST_FILE = YES;
				IPHONEOS_DEPLOYMENT_TARGET = 18.1;
				MARKETING_VERSION = 1.0;
				PRODUCT_BUNDLE_IDENTIFIER = com.github.pedroluis02.LittleLemonCourseraTests;
				PRODUCT_NAME = "$(TARGET_NAME)";
				SWIFT_EMIT_LOC_STRINGS = NO;
				SWIFT_VERSION = 5.0;
				TARGETED_DEVICE_FAMILY = "1,2";
				TEST_HOST = "$(BUILT_PRODUCTS_DIR)/LittleLemonCoursera.app/$(BUNDLE_EXECUTABLE_FOLDER_PATH)/LittleLemonCoursera";
			};
			name = Debug;
		};
		AAD3D6962D80FF220065A1A8 /* Release */ = {
			isa = XCBuildConfiguration;
			buildSettings = {
				BUNDLE_LOADER = "$(TEST_HOST)";
				CODE_SIGN_STYLE = Automatic;
				CURRENT_PROJECT_VERSION = 1;
				GENERATE_INFOPLIST_FILE = YES;
				IPHONEOS_DEPLOYMENT_TARGET = 18.1;
				MARKETING_VERSION = 1.0;
				PRODUCT_BUNDLE_IDENTIFIER = com.github.pedroluis02.LittleLemonCourseraTests;
				PRODUCT_NAME = "$(TARGET_NAME)";
				SWIFT_EMIT_LOC_STRINGS = NO;
				SWIFT_VERSION = 5.0;
				TARGETED_DEVICE_FAMILY = "1,2";
				TEST_HOST = "$(BUILT_PRODUCTS_DIR)/LittleLemonCoursera.app/$(BUNDLE_EXECUTABLE_FOLDER_PATH)/LittleLemonCoursera";
			};
			name = Release;
		};
		AAD3D6982D80FF220065A1A8 /* Debug */ = {
			isa = XCBuildConfiguration;
			buildSettings = {
				CODE_SIGN_STYLE = Automatic;
				CURRENT_PROJECT_VERSION = 1;
				GENERATE_INFOPLIST_FILE = YES;
				MARKETING_VERSION = 1.0;
				PRODUCT_BUNDLE_IDENTIFIER = com.github.pedroluis02.LittleLemonCourseraUITests;
				PRODUCT_NAME = "$(TARGET_NAME)";
				SWIFT_EMIT_LOC_STRINGS = NO;
				SWIFT_VERSION = 5.0;
				TARGETED_DEVICE_FAMILY = "1,2";
				TEST_TARGET_NAME = LittleLemonCoursera;
			};
			name = Debug;
		};
		AAD3D6992D80FF220065A1A8 /* Release */ = {
			isa = XCBuildConfiguration;
			buildSettings = {
				CODE_SIGN_STYLE = Automatic;
				CURRENT_PROJECT_VERSION = 1;
				GENERATE_INFOPLIST_FILE = YES;
				MARKETING_VERSION = 1.0;
				PRODUCT_BUNDLE_IDENTIFIER = com.github.pedroluis02.LittleLemonCourseraUITests;
				PRODUCT_NAME = "$(TARGET_NAME)";
				SWIFT_EMIT_LOC_STRINGS = NO;
				SWIFT_VERSION = 5.0;
				TARGETED_DEVICE_FAMILY = "1,2";
				TEST_TARGET_NAME = LittleLemonCoursera;
			};
			name = Release;
		};
/* End XCBuildConfiguration section */

/* Begin XCConfigurationList section */
		AAD3D6682D80FF1E0065A1A8 /* Build configuration list for PBXProject "LittleLemonCoursera" */ = {
			isa = XCConfigurationList;
			buildConfigurations = (
				AAD3D68F2D80FF220065A1A8 /* Debug */,
				AAD3D6902D80FF220065A1A8 /* Release */,
			);
			defaultConfigurationIsVisible = 0;
			defaultConfigurationName = Release;
		};
		AAD3D6912D80FF220065A1A8 /* Build configuration list for PBXNativeTarget "LittleLemonCoursera" */ = {
			isa = XCConfigurationList;
			buildConfigurations = (
				AAD3D6922D80FF220065A1A8 /* Debug */,
				AAD3D6932D80FF220065A1A8 /* Release */,
			);
			defaultConfigurationIsVisible = 0;
			defaultConfigurationName = Release;
		};
		AAD3D6942D80FF220065A1A8 /* Build configuration list for PBXNativeTarget "LittleLemonCourseraTests" */ = {
			isa = XCConfigurationList;
			buildConfigurations = (
				AAD3D6952D80FF220065A1A8 /* Debug */,
				AAD3D6962D80FF220065A1A8 /* Release */,
			);
			defaultConfigurationIsVisible = 0;
			defaultConfigurationName = Release;
		};
		AAD3D6972D80FF220065A1A8 /* Build configuration list for PBXNativeTarget "LittleLemonCourseraUITests" */ = {
			isa = XCConfigurationList;
			buildConfigurations = (
				AAD3D6982D80FF220065A1A8 /* Debug */,
				AAD3D6992D80FF220065A1A8 /* Release */,
			);
			defaultConfigurationIsVisible = 0;
			defaultConfigurationName = Release;
		};
/* End XCConfigurationList section */
	};
	rootObject = AAD3D6652D80FF1E0065A1A8 /* Project object */;
}
